// !$*UTF8*$!
{
	archiveVersion = 1;
	classes = {
	};
	objectVersion = 50;
	objects = {

/* Begin PBXBuildFile section */
		D736C195210C933300ACC084 /* Assets.xcassets in Resources */ = {isa = PBXBuildFile; fileRef = D736C194210C933300ACC084 /* Assets.xcassets */; };
		D736C1A3210C933400ACC084 /* SampleProjectTests.swift in Sources */ = {isa = PBXBuildFile; fileRef = D736C1A2210C933400ACC084 /* SampleProjectTests.swift */; };
		D736C1AE210C933400ACC084 /* SampleProjectUITests.swift in Sources */ = {isa = PBXBuildFile; fileRef = D736C1AD210C933400ACC084 /* SampleProjectUITests.swift */; };
		D736C1C7210C943200ACC084 /* LaunchScreen.storyboard in Resources */ = {isa = PBXBuildFile; fileRef = D736C1C0210C943200ACC084 /* LaunchScreen.storyboard */; };
		D736C1C8210C943200ACC084 /* Main.storyboard in Resources */ = {isa = PBXBuildFile; fileRef = D736C1C2210C943200ACC084 /* Main.storyboard */; };
		D736C1C9210C943200ACC084 /* AppDelegate.swift in Sources */ = {isa = PBXBuildFile; fileRef = D736C1C4210C943200ACC084 /* AppDelegate.swift */; };
		D736C1CA210C943200ACC084 /* Info.plist in Resources */ = {isa = PBXBuildFile; fileRef = D736C1C5210C943200ACC084 /* Info.plist */; };
		D736C1D0210CC17B00ACC084 /* AYMoviesListViewController.swift in Sources */ = {isa = PBXBuildFile; fileRef = D736C1CF210CC17B00ACC084 /* AYMoviesListViewController.swift */; };
		D736C1D2210D700200ACC084 /* AYMovieListCollectionCell.swift in Sources */ = {isa = PBXBuildFile; fileRef = D736C1D1210D700200ACC084 /* AYMovieListCollectionCell.swift */; };
		D736C1D4210D732500ACC084 /* AYReusableCellHandler.swift in Sources */ = {isa = PBXBuildFile; fileRef = D736C1D3210D732500ACC084 /* AYReusableCellHandler.swift */; };
/* End PBXBuildFile section */

/* Begin PBXContainerItemProxy section */
		D736C19F210C933400ACC084 /* PBXContainerItemProxy */ = {
			isa = PBXContainerItemProxy;
			containerPortal = D736C182210C932800ACC084 /* Project object */;
			proxyType = 1;
			remoteGlobalIDString = D736C189210C932800ACC084;
			remoteInfo = SampleProject;
		};
		D736C1AA210C933400ACC084 /* PBXContainerItemProxy */ = {
			isa = PBXContainerItemProxy;
			containerPortal = D736C182210C932800ACC084 /* Project object */;
			proxyType = 1;
			remoteGlobalIDString = D736C189210C932800ACC084;
			remoteInfo = SampleProject;
		};
/* End PBXContainerItemProxy section */

/* Begin PBXFileReference section */
		D736C18A210C932800ACC084 /* SampleProject.app */ = {isa = PBXFileReference; explicitFileType = wrapper.application; includeInIndex = 0; path = SampleProject.app; sourceTree = BUILT_PRODUCTS_DIR; };
		D736C194210C933300ACC084 /* Assets.xcassets */ = {isa = PBXFileReference; lastKnownFileType = folder.assetcatalog; path = Assets.xcassets; sourceTree = "<group>"; };
		D736C19E210C933400ACC084 /* SampleProjectTests.xctest */ = {isa = PBXFileReference; explicitFileType = wrapper.cfbundle; includeInIndex = 0; path = SampleProjectTests.xctest; sourceTree = BUILT_PRODUCTS_DIR; };
		D736C1A2210C933400ACC084 /* SampleProjectTests.swift */ = {isa = PBXFileReference; lastKnownFileType = sourcecode.swift; path = SampleProjectTests.swift; sourceTree = "<group>"; };
		D736C1A4210C933400ACC084 /* Info.plist */ = {isa = PBXFileReference; lastKnownFileType = text.plist.xml; path = Info.plist; sourceTree = "<group>"; };
		D736C1A9210C933400ACC084 /* SampleProjectUITests.xctest */ = {isa = PBXFileReference; explicitFileType = wrapper.cfbundle; includeInIndex = 0; path = SampleProjectUITests.xctest; sourceTree = BUILT_PRODUCTS_DIR; };
		D736C1AD210C933400ACC084 /* SampleProjectUITests.swift */ = {isa = PBXFileReference; lastKnownFileType = sourcecode.swift; path = SampleProjectUITests.swift; sourceTree = "<group>"; };
		D736C1AF210C933400ACC084 /* Info.plist */ = {isa = PBXFileReference; lastKnownFileType = text.plist.xml; path = Info.plist; sourceTree = "<group>"; };
		D736C1C1210C943200ACC084 /* Base */ = {isa = PBXFileReference; lastKnownFileType = file.storyboard; name = Base; path = Base.lproj/LaunchScreen.storyboard; sourceTree = "<group>"; };
		D736C1C3210C943200ACC084 /* Base */ = {isa = PBXFileReference; lastKnownFileType = file.storyboard; name = Base; path = Base.lproj/Main.storyboard; sourceTree = "<group>"; };
		D736C1C4210C943200ACC084 /* AppDelegate.swift */ = {isa = PBXFileReference; fileEncoding = 4; lastKnownFileType = sourcecode.swift; path = AppDelegate.swift; sourceTree = "<group>"; };
		D736C1C5210C943200ACC084 /* Info.plist */ = {isa = PBXFileReference; fileEncoding = 4; lastKnownFileType = text.plist.xml; path = Info.plist; sourceTree = "<group>"; };
		D736C1CF210CC17B00ACC084 /* AYMoviesListViewController.swift */ = {isa = PBXFileReference; lastKnownFileType = sourcecode.swift; path = AYMoviesListViewController.swift; sourceTree = "<group>"; };
		D736C1D1210D700200ACC084 /* AYMovieListCollectionCell.swift */ = {isa = PBXFileReference; lastKnownFileType = sourcecode.swift; path = AYMovieListCollectionCell.swift; sourceTree = "<group>"; };
		D736C1D3210D732500ACC084 /* AYReusableCellHandler.swift */ = {isa = PBXFileReference; lastKnownFileType = sourcecode.swift; path = AYReusableCellHandler.swift; sourceTree = "<group>"; };
/* End PBXFileReference section */

/* Begin PBXFrameworksBuildPhase section */
		D736C187210C932800ACC084 /* Frameworks */ = {
			isa = PBXFrameworksBuildPhase;
			buildActionMask = 2147483647;
			files = (
			);
			runOnlyForDeploymentPostprocessing = 0;
		};
		D736C19B210C933400ACC084 /* Frameworks */ = {
			isa = PBXFrameworksBuildPhase;
			buildActionMask = 2147483647;
			files = (
			);
			runOnlyForDeploymentPostprocessing = 0;
		};
		D736C1A6210C933400ACC084 /* Frameworks */ = {
			isa = PBXFrameworksBuildPhase;
			buildActionMask = 2147483647;
			files = (
			);
			runOnlyForDeploymentPostprocessing = 0;
		};
/* End PBXFrameworksBuildPhase section */

/* Begin PBXGroup section */
		D736C181210C932800ACC084 = {
			isa = PBXGroup;
			children = (
				D736C18C210C932800ACC084 /* SampleProject */,
				D736C1A1210C933400ACC084 /* SampleProjectTests */,
				D736C1AC210C933400ACC084 /* SampleProjectUITests */,
				D736C18B210C932800ACC084 /* Products */,
			);
			sourceTree = "<group>";
		};
		D736C18B210C932800ACC084 /* Products */ = {
			isa = PBXGroup;
			children = (
				D736C18A210C932800ACC084 /* SampleProject.app */,
				D736C19E210C933400ACC084 /* SampleProjectTests.xctest */,
				D736C1A9210C933400ACC084 /* SampleProjectUITests.xctest */,
			);
			name = Products;
			sourceTree = "<group>";
		};
		D736C18C210C932800ACC084 /* SampleProject */ = {
			isa = PBXGroup;
			children = (
				D736C1BF210C943200ACC084 /* Application */,
				D736C1BC210C943200ACC084 /* Extensions */,
				D736C1C6210C943200ACC084 /* Networking */,
				D736C1BD210C943200ACC084 /* ViewControllers */,
				D736C1BE210C943200ACC084 /* ViewModels */,
				D736C194210C933300ACC084 /* Assets.xcassets */,
			);
			path = SampleProject;
			sourceTree = "<group>";
		};
		D736C1A1210C933400ACC084 /* SampleProjectTests */ = {
			isa = PBXGroup;
			children = (
				D736C1A2210C933400ACC084 /* SampleProjectTests.swift */,
				D736C1A4210C933400ACC084 /* Info.plist */,
			);
			path = SampleProjectTests;
			sourceTree = "<group>";
		};
		D736C1AC210C933400ACC084 /* SampleProjectUITests */ = {
			isa = PBXGroup;
			children = (
				D736C1AD210C933400ACC084 /* SampleProjectUITests.swift */,
				D736C1AF210C933400ACC084 /* Info.plist */,
			);
			path = SampleProjectUITests;
			sourceTree = "<group>";
		};
		D736C1BC210C943200ACC084 /* Extensions */ = {
			isa = PBXGroup;
			children = (
				D736C1D3210D732500ACC084 /* AYReusableCellHandler.swift */,
			);
			path = Extensions;
			sourceTree = "<group>";
		};
		D736C1BD210C943200ACC084 /* ViewControllers */ = {
			isa = PBXGroup;
			children = (
				D736C1CB210CC0E900ACC084 /* MoviesList */,
				D736C1CC210CC0E900ACC084 /* MovieDetails */,
			);
			path = ViewControllers;
			sourceTree = "<group>";
		};
		D736C1BE210C943200ACC084 /* ViewModels */ = {
			isa = PBXGroup;
			children = (
			);
			path = ViewModels;
			sourceTree = "<group>";
		};
		D736C1BF210C943200ACC084 /* Application */ = {
			isa = PBXGroup;
			children = (
				D736C1C0210C943200ACC084 /* LaunchScreen.storyboard */,
				D736C1C2210C943200ACC084 /* Main.storyboard */,
				D736C1C4210C943200ACC084 /* AppDelegate.swift */,
				D736C1C5210C943200ACC084 /* Info.plist */,
			);
			path = Application;
			sourceTree = "<group>";
		};
		D736C1C6210C943200ACC084 /* Networking */ = {
			isa = PBXGroup;
			children = (
			);
			path = Networking;
			sourceTree = "<group>";
		};
		D736C1CB210CC0E900ACC084 /* MoviesList */ = {
			isa = PBXGroup;
			children = (
				D736C1CF210CC17B00ACC084 /* AYMoviesListViewController.swift */,
				D736C1D1210D700200ACC084 /* AYMovieListCollectionCell.swift */,
			);
			path = MoviesList;
			sourceTree = "<group>";
		};
		D736C1CC210CC0E900ACC084 /* MovieDetails */ = {
			isa = PBXGroup;
			children = (
			);
			path = MovieDetails;
			sourceTree = "<group>";
		};
/* End PBXGroup section */

/* Begin PBXNativeTarget section */
		D736C189210C932800ACC084 /* SampleProject */ = {
			isa = PBXNativeTarget;
			buildConfigurationList = D736C1B2210C933400ACC084 /* Build configuration list for PBXNativeTarget "SampleProject" */;
			buildPhases = (
				D736C186210C932800ACC084 /* Sources */,
				D736C187210C932800ACC084 /* Frameworks */,
				D736C188210C932800ACC084 /* Resources */,
			);
			buildRules = (
			);
			dependencies = (
			);
			name = SampleProject;
			productName = SampleProject;
			productReference = D736C18A210C932800ACC084 /* SampleProject.app */;
			productType = "com.apple.product-type.application";
		};
		D736C19D210C933400ACC084 /* SampleProjectTests */ = {
			isa = PBXNativeTarget;
			buildConfigurationList = D736C1B5210C933400ACC084 /* Build configuration list for PBXNativeTarget "SampleProjectTests" */;
			buildPhases = (
				D736C19A210C933400ACC084 /* Sources */,
				D736C19B210C933400ACC084 /* Frameworks */,
				D736C19C210C933400ACC084 /* Resources */,
			);
			buildRules = (
			);
			dependencies = (
				D736C1A0210C933400ACC084 /* PBXTargetDependency */,
			);
			name = SampleProjectTests;
			productName = SampleProjectTests;
			productReference = D736C19E210C933400ACC084 /* SampleProjectTests.xctest */;
			productType = "com.apple.product-type.bundle.unit-test";
		};
		D736C1A8210C933400ACC084 /* SampleProjectUITests */ = {
			isa = PBXNativeTarget;
			buildConfigurationList = D736C1B8210C933400ACC084 /* Build configuration list for PBXNativeTarget "SampleProjectUITests" */;
			buildPhases = (
				D736C1A5210C933400ACC084 /* Sources */,
				D736C1A6210C933400ACC084 /* Frameworks */,
				D736C1A7210C933400ACC084 /* Resources */,
			);
			buildRules = (
			);
			dependencies = (
				D736C1AB210C933400ACC084 /* PBXTargetDependency */,
			);
			name = SampleProjectUITests;
			productName = SampleProjectUITests;
			productReference = D736C1A9210C933400ACC084 /* SampleProjectUITests.xctest */;
			productType = "com.apple.product-type.bundle.ui-testing";
		};
/* End PBXNativeTarget section */

/* Begin PBXProject section */
		D736C182210C932800ACC084 /* Project object */ = {
			isa = PBXProject;
			attributes = {
				LastSwiftUpdateCheck = 0940;
				LastUpgradeCheck = 0940;
				ORGANIZATIONNAME = "Avadesh Kumar";
				TargetAttributes = {
					D736C189210C932800ACC084 = {
						CreatedOnToolsVersion = 9.4.1;
					};
					D736C19D210C933400ACC084 = {
						CreatedOnToolsVersion = 9.4.1;
						TestTargetID = D736C189210C932800ACC084;
					};
					D736C1A8210C933400ACC084 = {
						CreatedOnToolsVersion = 9.4.1;
						TestTargetID = D736C189210C932800ACC084;
					};
				};
			};
			buildConfigurationList = D736C185210C932800ACC084 /* Build configuration list for PBXProject "SampleProject" */;
			compatibilityVersion = "Xcode 9.3";
			developmentRegion = en;
			hasScannedForEncodings = 0;
			knownRegions = (
				en,
				Base,
			);
			mainGroup = D736C181210C932800ACC084;
			productRefGroup = D736C18B210C932800ACC084 /* Products */;
			projectDirPath = "";
			projectRoot = "";
			targets = (
				D736C189210C932800ACC084 /* SampleProject */,
				D736C19D210C933400ACC084 /* SampleProjectTests */,
				D736C1A8210C933400ACC084 /* SampleProjectUITests */,
			);
		};
/* End PBXProject section */

/* Begin PBXResourcesBuildPhase section */
		D736C188210C932800ACC084 /* Resources */ = {
			isa = PBXResourcesBuildPhase;
			buildActionMask = 2147483647;
			files = (
				D736C1CA210C943200ACC084 /* Info.plist in Resources */,
				D736C1C8210C943200ACC084 /* Main.storyboard in Resources */,
				D736C195210C933300ACC084 /* Assets.xcassets in Resources */,
				D736C1C7210C943200ACC084 /* LaunchScreen.storyboard in Resources */,
			);
			runOnlyForDeploymentPostprocessing = 0;
		};
		D736C19C210C933400ACC084 /* Resources */ = {
			isa = PBXResourcesBuildPhase;
			buildActionMask = 2147483647;
			files = (
			);
			runOnlyForDeploymentPostprocessing = 0;
		};
		D736C1A7210C933400ACC084 /* Resources */ = {
			isa = PBXResourcesBuildPhase;
			buildActionMask = 2147483647;
			files = (
			);
			runOnlyForDeploymentPostprocessing = 0;
		};
/* End PBXResourcesBuildPhase section */

/* Begin PBXSourcesBuildPhase section */
		D736C186210C932800ACC084 /* Sources */ = {
			isa = PBXSourcesBuildPhase;
			buildActionMask = 2147483647;
			files = (
				D736C1D0210CC17B00ACC084 /* AYMoviesListViewController.swift in Sources */,
				D736C1D4210D732500ACC084 /* AYReusableCellHandler.swift in Sources */,
				D736C1C9210C943200ACC084 /* AppDelegate.swift in Sources */,
				D736C1D2210D700200ACC084 /* AYMovieListCollectionCell.swift in Sources */,
			);
			runOnlyForDeploymentPostprocessing = 0;
		};
		D736C19A210C933400ACC084 /* Sources */ = {
			isa = PBXSourcesBuildPhase;
			buildActionMask = 2147483647;
			files = (
				D736C1A3210C933400ACC084 /* SampleProjectTests.swift in Sources */,
			);
			runOnlyForDeploymentPostprocessing = 0;
		};
		D736C1A5210C933400ACC084 /* Sources */ = {
			isa = PBXSourcesBuildPhase;
			buildActionMask = 2147483647;
			files = (
				D736C1AE210C933400ACC084 /* SampleProjectUITests.swift in Sources */,
			);
			runOnlyForDeploymentPostprocessing = 0;
		};
/* End PBXSourcesBuildPhase section */

/* Begin PBXTargetDependency section */
		D736C1A0210C933400ACC084 /* PBXTargetDependency */ = {
			isa = PBXTargetDependency;
			target = D736C189210C932800ACC084 /* SampleProject */;
			targetProxy = D736C19F210C933400ACC084 /* PBXContainerItemProxy */;
		};
		D736C1AB210C933400ACC084 /* PBXTargetDependency */ = {
			isa = PBXTargetDependency;
			target = D736C189210C932800ACC084 /* SampleProject */;
			targetProxy = D736C1AA210C933400ACC084 /* PBXContainerItemProxy */;
		};
/* End PBXTargetDependency section */

/* Begin PBXVariantGroup section */
		D736C1C0210C943200ACC084 /* LaunchScreen.storyboard */ = {
			isa = PBXVariantGroup;
			children = (
				D736C1C1210C943200ACC084 /* Base */,
			);
			name = LaunchScreen.storyboard;
			sourceTree = "<group>";
		};
		D736C1C2210C943200ACC084 /* Main.storyboard */ = {
			isa = PBXVariantGroup;
			children = (
				D736C1C3210C943200ACC084 /* Base */,
			);
			name = Main.storyboard;
			sourceTree = "<group>";
		};
/* End PBXVariantGroup section */

/* Begin XCBuildConfiguration section */
		D736C1B0210C933400ACC084 /* Debug */ = {
			isa = XCBuildConfiguration;
			buildSettings = {
				ALWAYS_SEARCH_USER_PATHS = NO;
				CLANG_ANALYZER_NONNULL = YES;
				CLANG_ANALYZER_NUMBER_OBJECT_CONVERSION = YES_AGGRESSIVE;
				CLANG_CXX_LANGUAGE_STANDARD = "gnu++14";
				CLANG_CXX_LIBRARY = "libc++";
				CLANG_ENABLE_MODULES = YES;
				CLANG_ENABLE_OBJC_ARC = YES;
				CLANG_ENABLE_OBJC_WEAK = YES;
				CLANG_WARN_BLOCK_CAPTURE_AUTORELEASING = YES;
				CLANG_WARN_BOOL_CONVERSION = YES;
				CLANG_WARN_COMMA = YES;
				CLANG_WARN_CONSTANT_CONVERSION = YES;
				CLANG_WARN_DEPRECATED_OBJC_IMPLEMENTATIONS = YES;
				CLANG_WARN_DIRECT_OBJC_ISA_USAGE = YES_ERROR;
				CLANG_WARN_DOCUMENTATION_COMMENTS = YES;
				CLANG_WARN_EMPTY_BODY = YES;
				CLANG_WARN_ENUM_CONVERSION = YES;
				CLANG_WARN_INFINITE_RECURSION = YES;
				CLANG_WARN_INT_CONVERSION = YES;
				CLANG_WARN_NON_LITERAL_NULL_CONVERSION = YES;
				CLANG_WARN_OBJC_IMPLICIT_RETAIN_SELF = YES;
				CLANG_WARN_OBJC_LITERAL_CONVERSION = YES;
				CLANG_WARN_OBJC_ROOT_CLASS = YES_ERROR;
				CLANG_WARN_RANGE_LOOP_ANALYSIS = YES;
				CLANG_WARN_STRICT_PROTOTYPES = YES;
				CLANG_WARN_SUSPICIOUS_MOVE = YES;
				CLANG_WARN_UNGUARDED_AVAILABILITY = YES_AGGRESSIVE;
				CLANG_WARN_UNREACHABLE_CODE = YES;
				CLANG_WARN__DUPLICATE_METHOD_MATCH = YES;
				CODE_SIGN_IDENTITY = "iPhone Developer";
				COPY_PHASE_STRIP = NO;
				DEBUG_INFORMATION_FORMAT = dwarf;
				ENABLE_STRICT_OBJC_MSGSEND = YES;
				ENABLE_TESTABILITY = YES;
				GCC_C_LANGUAGE_STANDARD = gnu11;
				GCC_DYNAMIC_NO_PIC = NO;
				GCC_NO_COMMON_BLOCKS = YES;
				GCC_OPTIMIZATION_LEVEL = 0;
				GCC_PREPROCESSOR_DEFINITIONS = (
					"DEBUG=1",
					"$(inherited)",
				);
				GCC_WARN_64_TO_32_BIT_CONVERSION = YES;
				GCC_WARN_ABOUT_RETURN_TYPE = YES_ERROR;
				GCC_WARN_UNDECLARED_SELECTOR = YES;
				GCC_WARN_UNINITIALIZED_AUTOS = YES_AGGRESSIVE;
				GCC_WARN_UNUSED_FUNCTION = YES;
				GCC_WARN_UNUSED_VARIABLE = YES;
				IPHONEOS_DEPLOYMENT_TARGET = 11.4;
				MTL_ENABLE_DEBUG_INFO = YES;
				ONLY_ACTIVE_ARCH = YES;
				SDKROOT = iphoneos;
				SWIFT_ACTIVE_COMPILATION_CONDITIONS = DEBUG;
				SWIFT_OPTIMIZATION_LEVEL = "-Onone";
			};
			name = Debug;
		};
		D736C1B1210C933400ACC084 /* Release */ = {
			isa = XCBuildConfiguration;
			buildSettings = {
				ALWAYS_SEARCH_USER_PATHS = NO;
				CLANG_ANALYZER_NONNULL = YES;
				CLANG_ANALYZER_NUMBER_OBJECT_CONVERSION = YES_AGGRESSIVE;
				CLANG_CXX_LANGUAGE_STANDARD = "gnu++14";
				CLANG_CXX_LIBRARY = "libc++";
				CLANG_ENABLE_MODULES = YES;
				CLANG_ENABLE_OBJC_ARC = YES;
				CLANG_ENABLE_OBJC_WEAK = YES;
				CLANG_WARN_BLOCK_CAPTURE_AUTORELEASING = YES;
				CLANG_WARN_BOOL_CONVERSION = YES;
				CLANG_WARN_COMMA = YES;
				CLANG_WARN_CONSTANT_CONVERSION = YES;
				CLANG_WARN_DEPRECATED_OBJC_IMPLEMENTATIONS = YES;
				CLANG_WARN_DIRECT_OBJC_ISA_USAGE = YES_ERROR;
				CLANG_WARN_DOCUMENTATION_COMMENTS = YES;
				CLANG_WARN_EMPTY_BODY = YES;
				CLANG_WARN_ENUM_CONVERSION = YES;
				CLANG_WARN_INFINITE_RECURSION = YES;
				CLANG_WARN_INT_CONVERSION = YES;
				CLANG_WARN_NON_LITERAL_NULL_CONVERSION = YES;
				CLANG_WARN_OBJC_IMPLICIT_RETAIN_SELF = YES;
				CLANG_WARN_OBJC_LITERAL_CONVERSION = YES;
				CLANG_WARN_OBJC_ROOT_CLASS = YES_ERROR;
				CLANG_WARN_RANGE_LOOP_ANALYSIS = YES;
				CLANG_WARN_STRICT_PROTOTYPES = YES;
				CLANG_WARN_SUSPICIOUS_MOVE = YES;
				CLANG_WARN_UNGUARDED_AVAILABILITY = YES_AGGRESSIVE;
				CLANG_WARN_UNREACHABLE_CODE = YES;
				CLANG_WARN__DUPLICATE_METHOD_MATCH = YES;
				CODE_SIGN_IDENTITY = "iPhone Developer";
				COPY_PHASE_STRIP = NO;
				DEBUG_INFORMATION_FORMAT = "dwarf-with-dsym";
				ENABLE_NS_ASSERTIONS = NO;
				ENABLE_STRICT_OBJC_MSGSEND = YES;
				GCC_C_LANGUAGE_STANDARD = gnu11;
				GCC_NO_COMMON_BLOCKS = YES;
				GCC_WARN_64_TO_32_BIT_CONVERSION = YES;
				GCC_WARN_ABOUT_RETURN_TYPE = YES_ERROR;
				GCC_WARN_UNDECLARED_SELECTOR = YES;
				GCC_WARN_UNINITIALIZED_AUTOS = YES_AGGRESSIVE;
				GCC_WARN_UNUSED_FUNCTION = YES;
				GCC_WARN_UNUSED_VARIABLE = YES;
				IPHONEOS_DEPLOYMENT_TARGET = 11.4;
				MTL_ENABLE_DEBUG_INFO = NO;
				SDKROOT = iphoneos;
				SWIFT_COMPILATION_MODE = wholemodule;
				SWIFT_OPTIMIZATION_LEVEL = "-O";
				VALIDATE_PRODUCT = YES;
			};
			name = Release;
		};
		D736C1B3210C933400ACC084 /* Debug */ = {
			isa = XCBuildConfiguration;
			buildSettings = {
				ASSETCATALOG_COMPILER_APPICON_NAME = AppIcon;
				CODE_SIGN_STYLE = Automatic;
				INFOPLIST_FILE = "$(SRCROOT)/SampleProject/Application/Info.plist";
				LD_RUNPATH_SEARCH_PATHS = (
					"$(inherited)",
					"@executable_path/Frameworks",
				);
				PRODUCT_BUNDLE_IDENTIFIER = com.avadesh.SampleProject;
				PRODUCT_NAME = "$(TARGET_NAME)";
				SWIFT_VERSION = 4.0;
				TARGETED_DEVICE_FAMILY = "1,2";
			};
			name = Debug;
		};
		D736C1B4210C933400ACC084 /* Release */ = {
			isa = XCBuildConfiguration;
			buildSettings = {
				ASSETCATALOG_COMPILER_APPICON_NAME = AppIcon;
				CODE_SIGN_STYLE = Automatic;
				INFOPLIST_FILE = "$(SRCROOT)/SampleProject/Application/Info.plist";
				LD_RUNPATH_SEARCH_PATHS = (
					"$(inherited)",
					"@executable_path/Frameworks",
				);
				PRODUCT_BUNDLE_IDENTIFIER = com.avadesh.SampleProject;
				PRODUCT_NAME = "$(TARGET_NAME)";
				SWIFT_VERSION = 4.0;
				TARGETED_DEVICE_FAMILY = "1,2";
			};
			name = Release;
		};
		D736C1B6210C933400ACC084 /* Debug */ = {
			isa = XCBuildConfiguration;
			buildSettings = {
				ALWAYS_EMBED_SWIFT_STANDARD_LIBRARIES = YES;
				BUNDLE_LOADER = "$(TEST_HOST)";
				CODE_SIGN_STYLE = Automatic;
				INFOPLIST_FILE = SampleProjectTests/Info.plist;
				LD_RUNPATH_SEARCH_PATHS = (
					"$(inherited)",
					"@executable_path/Frameworks",
					"@loader_path/Frameworks",
				);
				PRODUCT_BUNDLE_IDENTIFIER = com.avadesh.SampleProjectTests;
				PRODUCT_NAME = "$(TARGET_NAME)";
				SWIFT_VERSION = 4.0;
				TARGETED_DEVICE_FAMILY = "1,2";
				TEST_HOST = "$(BUILT_PRODUCTS_DIR)/SampleProject.app/SampleProject";
			};
			name = Debug;
		};
		D736C1B7210C933400ACC084 /* Release */ = {
			isa = XCBuildConfiguration;
			buildSettings = {
				ALWAYS_EMBED_SWIFT_STANDARD_LIBRARIES = YES;
				BUNDLE_LOADER = "$(TEST_HOST)";
				CODE_SIGN_STYLE = Automatic;
				INFOPLIST_FILE = SampleProjectTests/Info.plist;
				LD_RUNPATH_SEARCH_PATHS = (
					"$(inherited)",
					"@executable_path/Frameworks",
					"@loader_path/Frameworks",
				);
				PRODUCT_BUNDLE_IDENTIFIER = com.avadesh.SampleProjectTests;
				PRODUCT_NAME = "$(TARGET_NAME)";
				SWIFT_VERSION = 4.0;
				TARGETED_DEVICE_FAMILY = "1,2";
				TEST_HOST = "$(BUILT_PRODUCTS_DIR)/SampleProject.app/SampleProject";
			};
			name = Release;
		};
		D736C1B9210C933400ACC084 /* Debug */ = {
			isa = XCBuildConfiguration;
			buildSettings = {
				ALWAYS_EMBED_SWIFT_STANDARD_LIBRARIES = YES;
				CODE_SIGN_STYLE = Automatic;
				INFOPLIST_FILE = SampleProjectUITests/Info.plist;
				LD_RUNPATH_SEARCH_PATHS = (
					"$(inherited)",
					"@executable_path/Frameworks",
					"@loader_path/Frameworks",
				);
				PRODUCT_BUNDLE_IDENTIFIER = com.avadesh.SampleProjectUITests;
				PRODUCT_NAME = "$(TARGET_NAME)";
				SWIFT_VERSION = 4.0;
				TARGETED_DEVICE_FAMILY = "1,2";
				TEST_TARGET_NAME = SampleProject;
			};
			name = Debug;
		};
		D736C1BA210C933400ACC084 /* Release */ = {
			isa = XCBuildConfiguration;
			buildSettings = {
				ALWAYS_EMBED_SWIFT_STANDARD_LIBRARIES = YES;
				CODE_SIGN_STYLE = Automatic;
				INFOPLIST_FILE = SampleProjectUITests/Info.plist;
				LD_RUNPATH_SEARCH_PATHS = (
					"$(inherited)",
					"@executable_path/Frameworks",
					"@loader_path/Frameworks",
				);
				PRODUCT_BUNDLE_IDENTIFIER = com.avadesh.SampleProjectUITests;
				PRODUCT_NAME = "$(TARGET_NAME)";
				SWIFT_VERSION = 4.0;
				TARGETED_DEVICE_FAMILY = "1,2";
				TEST_TARGET_NAME = SampleProject;
			};
			name = Release;
		};
/* End XCBuildConfiguration section */

/* Begin XCConfigurationList section */
		D736C185210C932800ACC084 /* Build configuration list for PBXProject "SampleProject" */ = {
			isa = XCConfigurationList;
			buildConfigurations = (
				D736C1B0210C933400ACC084 /* Debug */,
				D736C1B1210C933400ACC084 /* Release */,
			);
			defaultConfigurationIsVisible = 0;
			defaultConfigurationName = Release;
		};
		D736C1B2210C933400ACC084 /* Build configuration list for PBXNativeTarget "SampleProject" */ = {
			isa = XCConfigurationList;
			buildConfigurations = (
				D736C1B3210C933400ACC084 /* Debug */,
				D736C1B4210C933400ACC084 /* Release */,
			);
			defaultConfigurationIsVisible = 0;
			defaultConfigurationName = Release;
		};
		D736C1B5210C933400ACC084 /* Build configuration list for PBXNativeTarget "SampleProjectTests" */ = {
			isa = XCConfigurationList;
			buildConfigurations = (
				D736C1B6210C933400ACC084 /* Debug */,
				D736C1B7210C933400ACC084 /* Release */,
			);
			defaultConfigurationIsVisible = 0;
			defaultConfigurationName = Release;
		};
		D736C1B8210C933400ACC084 /* Build configuration list for PBXNativeTarget "SampleProjectUITests" */ = {
			isa = XCConfigurationList;
			buildConfigurations = (
				D736C1B9210C933400ACC084 /* Debug */,
				D736C1BA210C933400ACC084 /* Release */,
			);
			defaultConfigurationIsVisible = 0;
			defaultConfigurationName = Release;
		};
/* End XCConfigurationList section */
	};
	rootObject = D736C182210C932800ACC084 /* Project object */;
}
